PODS:
  - VGSCollectSDK (1.7.0):
    - VGSCollectSDK/Core (= 1.7.0)
  - VGSCollectSDK/Core (1.7.0)

DEPENDENCIES:
  - VGSCollectSDK

SPEC REPOS:
  trunk:
    - VGSCollectSDK

SPEC CHECKSUMS:
  VGSCollectSDK: 80bcfa5f9e70edf002d0c14a7f8cf98e00e3e901

PODFILE CHECKSUM: c0d0d64ac925a545fe39209644b7ae64ac4ef740

COCOAPODS: 1.9.3
